{
  "name": "au-react-native-toast",
  "version": "1.0.6",
  "lockfileVersion": 3,
  "requires": true,
  "packages": {
    "": {
      "name": "au-react-native-toast",
      "version": "1.0.6",
      "license": "ISC",
      "dependencies": {
        "au-react-native-toast": "file:"
      }
    },
    "node_modules/au-react-native-toast": {
      "resolved": "",
      "link": true
    }
  }
}
